
Microsoft Visual Studio Solution File, Format Version 12.00
# Visual Studio Version 16
VisualStudioVersion = 16.0.34301.259
MinimumVisualStudioVersion = 10.0.40219.1
Project("{FAE04EC0-301F-11D3-BF4B-00C04F79EFBC}") = "Nhom8-Shortest_Path", "Nhom8-Shortest_Path\Nhom8-Shortest_Path.csproj", "{71658257-11FC-426A-ABA3-FD563E5A7AB6}"
EndProject
Global
	GlobalSection(SolutionConfigurationPlatforms) = preSolution
		Debug|Any CPU = Debug|Any CPU
		Release|Any CPU = Release|Any CPU
	EndGlobalSection
	GlobalSection(ProjectConfigurationPlatforms) = postSolution
		{71658257-11FC-426A-ABA3-FD563E5A7AB6}.Debug|Any CPU.ActiveCfg = Debug|Any CPU
		{71658257-11FC-426A-ABA3-FD563E5A7AB6}.Debug|Any CPU.Build.0 = Debug|Any CPU
		{71658257-11FC-426A-ABA3-FD563E5A7AB6}.Release|Any CPU.ActiveCfg = Release|Any CPU
		{71658257-11FC-426A-ABA3-FD563E5A7AB6}.Release|Any CPU.Build.0 = Release|Any CPU
	EndGlobalSection
	GlobalSection(SolutionProperties) = preSolution
		HideSolutionNode = FALSE
	EndGlobalSection
	GlobalSection(ExtensibilityGlobals) = postSolution
		SolutionGuid = {2B70D4C2-EE42-458D-AE44-A8B5BA76B4DB}
	EndGlobalSection
EndGlobal
